
Microsoft Visual Studio Solution File, Format Version 12.00
# Visual Studio Version 16
VisualStudioVersion = 16.0.810.14
MinimumVisualStudioVersion = 10.0.40219.1
Project("{FAE04EC0-301F-11D3-BF4B-00C04F79EFBC}") = "TokenAuth", "TokenAuth.csproj", "{80BC11E0-F328-4574-8D19-ACBE5F169DF3}"
EndProject
Global
	GlobalSection(SolutionConfigurationPlatforms) = preSolution
		Debug|Any CPU = Debug|Any CPU
		Release|Any CPU = Release|Any CPU
	EndGlobalSection
	GlobalSection(ProjectConfigurationPlatforms) = postSolution
		{80BC11E0-F328-4574-8D19-ACBE5F169DF3}.Debug|Any CPU.ActiveCfg = Debug|Any CPU
		{80BC11E0-F328-4574-8D19-ACBE5F169DF3}.Debug|Any CPU.Build.0 = Debug|Any CPU
		{80BC11E0-F328-4574-8D19-ACBE5F169DF3}.Release|Any CPU.ActiveCfg = Release|Any CPU
		{80BC11E0-F328-4574-8D19-ACBE5F169DF3}.Release|Any CPU.Build.0 = Release|Any CPU
	EndGlobalSection
	GlobalSection(SolutionProperties) = preSolution
		HideSolutionNode = FALSE
	EndGlobalSection
	GlobalSection(ExtensibilityGlobals) = postSolution
		SolutionGuid = {1DEA3247-6ED3-42E8-A73A-EAB0813BC411}
	EndGlobalSection
EndGlobal
